
Microsoft Visual Studio Solution File, Format Version 12.00
# Visual Studio Version 17
VisualStudioVersion = 17.14.36705.20 d17.14
MinimumVisualStudioVersion = 10.0.40219.1
Project("{FAE04EC0-301F-11D3-BF4B-00C04F79EFBC}") = "Servexa.Application", "Servexa.Application\Servexa.Application.csproj", "{F0988DFA-2B9C-463B-8C1B-EAA5F6877E4A}"
EndProject
Project("{FAE04EC0-301F-11D3-BF4B-00C04F79EFBC}") = "Servexa.Domain", "Servexa.Domain\Servexa.Domain.csproj", "{89AD3296-3515-46E0-A1FD-1096957D9A3A}"
EndProject
Project("{FAE04EC0-301F-11D3-BF4B-00C04F79EFBC}") = "Servexa.Infrastructure", "Servexa.Infrastructure\Servexa.Infrastructure.csproj", "{0CB2C254-B6C3-4306-9AD5-9666C72939AE}"
EndProject
Project("{FAE04EC0-301F-11D3-BF4B-00C04F79EFBC}") = "Servexa.Shared", "Servexa.Shared\Servexa.Shared.csproj", "{C844F267-304B-4879-A632-607758AC8D23}"
EndProject
Project("{FAE04EC0-301F-11D3-BF4B-00C04F79EFBC}") = "Servexa.API", "Servexa.API\Servexa.API.csproj", "{A4BB28C4-2B61-4DE0-9959-4335E050897A}"
EndProject
Global
	GlobalSection(SolutionConfigurationPlatforms) = preSolution
		Debug|Any CPU = Debug|Any CPU
		Release|Any CPU = Release|Any CPU
	EndGlobalSection
	GlobalSection(ProjectConfigurationPlatforms) = postSolution
		{F0988DFA-2B9C-463B-8C1B-EAA5F6877E4A}.Debug|Any CPU.ActiveCfg = Debug|Any CPU
		{F0988DFA-2B9C-463B-8C1B-EAA5F6877E4A}.Debug|Any CPU.Build.0 = Debug|Any CPU
		{F0988DFA-2B9C-463B-8C1B-EAA5F6877E4A}.Release|Any CPU.ActiveCfg = Release|Any CPU
		{F0988DFA-2B9C-463B-8C1B-EAA5F6877E4A}.Release|Any CPU.Build.0 = Release|Any CPU
		{89AD3296-3515-46E0-A1FD-1096957D9A3A}.Debug|Any CPU.ActiveCfg = Debug|Any CPU
		{89AD3296-3515-46E0-A1FD-1096957D9A3A}.Debug|Any CPU.Build.0 = Debug|Any CPU
		{89AD3296-3515-46E0-A1FD-1096957D9A3A}.Release|Any CPU.ActiveCfg = Release|Any CPU
		{89AD3296-3515-46E0-A1FD-1096957D9A3A}.Release|Any CPU.Build.0 = Release|Any CPU
		{0CB2C254-B6C3-4306-9AD5-9666C72939AE}.Debug|Any CPU.ActiveCfg = Debug|Any CPU
		{0CB2C254-B6C3-4306-9AD5-9666C72939AE}.Debug|Any CPU.Build.0 = Debug|Any CPU
		{0CB2C254-B6C3-4306-9AD5-9666C72939AE}.Release|Any CPU.ActiveCfg = Release|Any CPU
		{0CB2C254-B6C3-4306-9AD5-9666C72939AE}.Release|Any CPU.Build.0 = Release|Any CPU
		{C844F267-304B-4879-A632-607758AC8D23}.Debug|Any CPU.ActiveCfg = Debug|Any CPU
		{C844F267-304B-4879-A632-607758AC8D23}.Debug|Any CPU.Build.0 = Debug|Any CPU
		{C844F267-304B-4879-A632-607758AC8D23}.Release|Any CPU.ActiveCfg = Release|Any CPU
		{C844F267-304B-4879-A632-607758AC8D23}.Release|Any CPU.Build.0 = Release|Any CPU
		{A4BB28C4-2B61-4DE0-9959-4335E050897A}.Debug|Any CPU.ActiveCfg = Debug|Any CPU
		{A4BB28C4-2B61-4DE0-9959-4335E050897A}.Debug|Any CPU.Build.0 = Debug|Any CPU
		{A4BB28C4-2B61-4DE0-9959-4335E050897A}.Release|Any CPU.ActiveCfg = Release|Any CPU
		{A4BB28C4-2B61-4DE0-9959-4335E050897A}.Release|Any CPU.Build.0 = Release|Any CPU
	EndGlobalSection
	GlobalSection(SolutionProperties) = preSolution
		HideSolutionNode = FALSE
	EndGlobalSection
	GlobalSection(ExtensibilityGlobals) = postSolution
		SolutionGuid = {0A6868A3-9955-465F-BABD-E4D909346ED4}
	EndGlobalSection
EndGlobal
